
Microsoft Visual Studio Solution File, Format Version 12.00
# Visual Studio Version 16
VisualStudioVersion = 16.0.30517.126
MinimumVisualStudioVersion = 10.0.40219.1
Project("{FAE04EC0-301F-11D3-BF4B-00C04F79EFBC}") = "NotepadCsharp", "NotepadCsharp\NotepadCsharp.csproj", "{ADF04FD3-DC0A-4824-B63D-56D8DF6656EA}"
EndProject
Global
	GlobalSection(SolutionConfigurationPlatforms) = preSolution
		Debug|Any CPU = Debug|Any CPU
		Release|Any CPU = Release|Any CPU
	EndGlobalSection
	GlobalSection(ProjectConfigurationPlatforms) = postSolution
		{ADF04FD3-DC0A-4824-B63D-56D8DF6656EA}.Debug|Any CPU.ActiveCfg = Debug|Any CPU
		{ADF04FD3-DC0A-4824-B63D-56D8DF6656EA}.Debug|Any CPU.Build.0 = Debug|Any CPU
		{ADF04FD3-DC0A-4824-B63D-56D8DF6656EA}.Release|Any CPU.ActiveCfg = Release|Any CPU
		{ADF04FD3-DC0A-4824-B63D-56D8DF6656EA}.Release|Any CPU.Build.0 = Release|Any CPU
	EndGlobalSection
	GlobalSection(SolutionProperties) = preSolution
		HideSolutionNode = FALSE
	EndGlobalSection
	GlobalSection(ExtensibilityGlobals) = postSolution
		SolutionGuid = {C69C8435-7C7D-4D08-ABD7-BAD7C0CCDB7A}
	EndGlobalSection
EndGlobal
